
Microsoft Visual Studio Solution File, Format Version 12.00
# Visual Studio Version 16
VisualStudioVersion = 16.0.29728.190
MinimumVisualStudioVersion = 10.0.40219.1
Project("{FAE04EC0-301F-11D3-BF4B-00C04F79EFBC}") = "LoginGoogle", "LoginGoogle\LoginGoogle.csproj", "{38663300-935C-469F-A290-99CBB1BA31F7}"
EndProject
Global
	GlobalSection(SolutionConfigurationPlatforms) = preSolution
		Debug|Any CPU = Debug|Any CPU
		Release|Any CPU = Release|Any CPU
	EndGlobalSection
	GlobalSection(ProjectConfigurationPlatforms) = postSolution
		{38663300-935C-469F-A290-99CBB1BA31F7}.Debug|Any CPU.ActiveCfg = Debug|Any CPU
		{38663300-935C-469F-A290-99CBB1BA31F7}.Debug|Any CPU.Build.0 = Debug|Any CPU
		{38663300-935C-469F-A290-99CBB1BA31F7}.Release|Any CPU.ActiveCfg = Release|Any CPU
		{38663300-935C-469F-A290-99CBB1BA31F7}.Release|Any CPU.Build.0 = Release|Any CPU
	EndGlobalSection
	GlobalSection(SolutionProperties) = preSolution
		HideSolutionNode = FALSE
	EndGlobalSection
	GlobalSection(ExtensibilityGlobals) = postSolution
		SolutionGuid = {6AC3E110-E935-4490-AA2E-7D02FE37EB84}
	EndGlobalSection
EndGlobal
